
Microsoft Visual Studio Solution File, Format Version 12.00
# Visual Studio Version 17
VisualStudioVersion = 17.9.34728.123
MinimumVisualStudioVersion = 10.0.40219.1
Project("{FAE04EC0-301F-11D3-BF4B-00C04F79EFBC}") = "ögrenci_bilgi_sistemi", "ögrenci_bilgi_sistemi\ögrenci_bilgi_sistemi.csproj", "{2072A0F5-907A-4843-9AF9-0B35BA738FAD}"
EndProject
Global
	GlobalSection(SolutionConfigurationPlatforms) = preSolution
		Debug|Any CPU = Debug|Any CPU
		Release|Any CPU = Release|Any CPU
	EndGlobalSection
	GlobalSection(ProjectConfigurationPlatforms) = postSolution
		{2072A0F5-907A-4843-9AF9-0B35BA738FAD}.Debug|Any CPU.ActiveCfg = Debug|Any CPU
		{2072A0F5-907A-4843-9AF9-0B35BA738FAD}.Debug|Any CPU.Build.0 = Debug|Any CPU
		{2072A0F5-907A-4843-9AF9-0B35BA738FAD}.Release|Any CPU.ActiveCfg = Release|Any CPU
		{2072A0F5-907A-4843-9AF9-0B35BA738FAD}.Release|Any CPU.Build.0 = Release|Any CPU
	EndGlobalSection
	GlobalSection(SolutionProperties) = preSolution
		HideSolutionNode = FALSE
	EndGlobalSection
	GlobalSection(ExtensibilityGlobals) = postSolution
		SolutionGuid = {1CE62ABD-92D1-42E9-9924-3C047A5DDAB3}
	EndGlobalSection
EndGlobal
